
Microsoft Visual Studio Solution File, Format Version 12.00
# Visual Studio Version 16
VisualStudioVersion = 16.0.31729.503
MinimumVisualStudioVersion = 10.0.40219.1
Project("{9A19103F-16F7-4668-BE54-9A1E7A4F7556}") = "AnkhMorporkCourseExercise", "AnkhMorporkCourseExercise\AnkhMorporkCourseExercise.csproj", "{27D1078C-9A36-4B07-BAB9-7C9E190A1C08}"
EndProject
Project("{9A19103F-16F7-4668-BE54-9A1E7A4F7556}") = "AnkhMorporkCourseExercise.Tests", "AnkhMorporkCourseExercise.Tests\AnkhMorporkCourseExercise.Tests.csproj", "{1D928847-5DD5-466C-AEBE-759806F01CD1}"
EndProject
Project("{FAE04EC0-301F-11D3-BF4B-00C04F79EFBC}") = "AnkhMorporkCourseExercise.Web", "AnkhMorporkCourseExercise.Web\AnkhMorporkCourseExercise.Web.csproj", "{53B4B93A-1E06-4C3B-B2A2-6155EAEE7CFC}"
EndProject
Global
	GlobalSection(SolutionConfigurationPlatforms) = preSolution
		Debug|Any CPU = Debug|Any CPU
		Release|Any CPU = Release|Any CPU
	EndGlobalSection
	GlobalSection(ProjectConfigurationPlatforms) = postSolution
		{27D1078C-9A36-4B07-BAB9-7C9E190A1C08}.Debug|Any CPU.ActiveCfg = Debug|Any CPU
		{27D1078C-9A36-4B07-BAB9-7C9E190A1C08}.Debug|Any CPU.Build.0 = Debug|Any CPU
		{27D1078C-9A36-4B07-BAB9-7C9E190A1C08}.Release|Any CPU.ActiveCfg = Release|Any CPU
		{27D1078C-9A36-4B07-BAB9-7C9E190A1C08}.Release|Any CPU.Build.0 = Release|Any CPU
		{1D928847-5DD5-466C-AEBE-759806F01CD1}.Debug|Any CPU.ActiveCfg = Debug|Any CPU
		{1D928847-5DD5-466C-AEBE-759806F01CD1}.Debug|Any CPU.Build.0 = Debug|Any CPU
		{1D928847-5DD5-466C-AEBE-759806F01CD1}.Release|Any CPU.ActiveCfg = Release|Any CPU
		{1D928847-5DD5-466C-AEBE-759806F01CD1}.Release|Any CPU.Build.0 = Release|Any CPU
		{53B4B93A-1E06-4C3B-B2A2-6155EAEE7CFC}.Debug|Any CPU.ActiveCfg = Debug|Any CPU
		{53B4B93A-1E06-4C3B-B2A2-6155EAEE7CFC}.Debug|Any CPU.Build.0 = Debug|Any CPU
		{53B4B93A-1E06-4C3B-B2A2-6155EAEE7CFC}.Release|Any CPU.ActiveCfg = Release|Any CPU
		{53B4B93A-1E06-4C3B-B2A2-6155EAEE7CFC}.Release|Any CPU.Build.0 = Release|Any CPU
	EndGlobalSection
	GlobalSection(SolutionProperties) = preSolution
		HideSolutionNode = FALSE
	EndGlobalSection
	GlobalSection(ExtensibilityGlobals) = postSolution
		SolutionGuid = {656413A5-9874-43CE-A695-20876E98D084}
	EndGlobalSection
EndGlobal
